
Microsoft Visual Studio Solution File, Format Version 12.00
# Visual Studio Version 16
VisualStudioVersion = 16.0.31321.278
MinimumVisualStudioVersion = 10.0.40219.1
Project("{FAE04EC0-301F-11D3-BF4B-00C04F79EFBC}") = "Backend", "File-Operator\Backend\Backend.csproj", "{6820FDD2-5575-49C1-9A77-6C703BFE9C2C}"
EndProject
Project("{FAE04EC0-301F-11D3-BF4B-00C04F79EFBC}") = "Frontend", "File-Operator\Frontend\Frontend.csproj", "{28BB5CA3-04E7-474B-B40F-CEA6545A7A13}"
EndProject
Global
	GlobalSection(SolutionConfigurationPlatforms) = preSolution
		Debug|Any CPU = Debug|Any CPU
		Release|Any CPU = Release|Any CPU
	EndGlobalSection
	GlobalSection(ProjectConfigurationPlatforms) = postSolution
		{6820FDD2-5575-49C1-9A77-6C703BFE9C2C}.Debug|Any CPU.ActiveCfg = Debug|Any CPU
		{6820FDD2-5575-49C1-9A77-6C703BFE9C2C}.Debug|Any CPU.Build.0 = Debug|Any CPU
		{6820FDD2-5575-49C1-9A77-6C703BFE9C2C}.Release|Any CPU.ActiveCfg = Release|Any CPU
		{6820FDD2-5575-49C1-9A77-6C703BFE9C2C}.Release|Any CPU.Build.0 = Release|Any CPU
		{28BB5CA3-04E7-474B-B40F-CEA6545A7A13}.Debug|Any CPU.ActiveCfg = Debug|Any CPU
		{28BB5CA3-04E7-474B-B40F-CEA6545A7A13}.Debug|Any CPU.Build.0 = Debug|Any CPU
		{28BB5CA3-04E7-474B-B40F-CEA6545A7A13}.Release|Any CPU.ActiveCfg = Release|Any CPU
		{28BB5CA3-04E7-474B-B40F-CEA6545A7A13}.Release|Any CPU.Build.0 = Release|Any CPU
	EndGlobalSection
	GlobalSection(SolutionProperties) = preSolution
		HideSolutionNode = FALSE
	EndGlobalSection
	GlobalSection(ExtensibilityGlobals) = postSolution
		SolutionGuid = {194C6E09-2AD4-473B-B43C-831EF3EFD100}
	EndGlobalSection
EndGlobal
